
Microsoft Visual Studio Solution File, Format Version 12.00
# Visual Studio Version 16
VisualStudioVersion = 16.0.29721.120
MinimumVisualStudioVersion = 10.0.40219.1
Project("{F2A71F9B-5D33-465A-A702-920D77279786}") = "CounterSpell", "CounterSpell\CounterSpell.fsproj", "{CD49C745-B3AC-4BB5-8E79-4C349FE922CB}"
EndProject
Project("{FAE04EC0-301F-11D3-BF4B-00C04F79EFBC}") = "ConterSpell_UnitTests", "ConterSpell_UnitTests\ConterSpell_UnitTests.csproj", "{C654A819-4B72-47AB-BE73-B7852AE18279}"
EndProject
Global
	GlobalSection(SolutionConfigurationPlatforms) = preSolution
		Debug|Any CPU = Debug|Any CPU
		Release|Any CPU = Release|Any CPU
	EndGlobalSection
	GlobalSection(ProjectConfigurationPlatforms) = postSolution
		{CD49C745-B3AC-4BB5-8E79-4C349FE922CB}.Debug|Any CPU.ActiveCfg = Debug|Any CPU
		{CD49C745-B3AC-4BB5-8E79-4C349FE922CB}.Debug|Any CPU.Build.0 = Debug|Any CPU
		{CD49C745-B3AC-4BB5-8E79-4C349FE922CB}.Release|Any CPU.ActiveCfg = Release|Any CPU
		{CD49C745-B3AC-4BB5-8E79-4C349FE922CB}.Release|Any CPU.Build.0 = Release|Any CPU
		{C654A819-4B72-47AB-BE73-B7852AE18279}.Debug|Any CPU.ActiveCfg = Debug|Any CPU
		{C654A819-4B72-47AB-BE73-B7852AE18279}.Debug|Any CPU.Build.0 = Debug|Any CPU
		{C654A819-4B72-47AB-BE73-B7852AE18279}.Release|Any CPU.ActiveCfg = Release|Any CPU
		{C654A819-4B72-47AB-BE73-B7852AE18279}.Release|Any CPU.Build.0 = Release|Any CPU
	EndGlobalSection
	GlobalSection(SolutionProperties) = preSolution
		HideSolutionNode = FALSE
	EndGlobalSection
	GlobalSection(ExtensibilityGlobals) = postSolution
		SolutionGuid = {F772C6B9-3764-4418-A7FE-EA8BA7727B5E}
	EndGlobalSection
EndGlobal
